Microsoft Visual Studio Solution File, Format Version 12.00
# Visual Studio Version 17
VisualStudioVersion = 17.5.2.0
MinimumVisualStudioVersion = 10.0.40219.1
Project("{FAE04EC0-301F-11D3-BF4B-00C04F79EFBC}") = "THEBOB", "THEBOB\THEBOB.csproj", "{B35D8704-0BCC-0D00-2528-F4995CA55508}"
EndProject
Global
	GlobalSection(SolutionConfigurationPlatforms) = preSolution
		Debug|Any CPU = Debug|Any CPU
		Release|Any CPU = Release|Any CPU
	EndGlobalSection
	GlobalSection(ProjectConfigurationPlatforms) = postSolution
		{B35D8704-0BCC-0D00-2528-F4995CA55508}.Debug|Any CPU.ActiveCfg = Debug|Any CPU
		{B35D8704-0BCC-0D00-2528-F4995CA55508}.Debug|Any CPU.Build.0 = Debug|Any CPU
		{B35D8704-0BCC-0D00-2528-F4995CA55508}.Release|Any CPU.ActiveCfg = Release|Any CPU
		{B35D8704-0BCC-0D00-2528-F4995CA55508}.Release|Any CPU.Build.0 = Release|Any CPU
	EndGlobalSection
	GlobalSection(SolutionProperties) = preSolution
		HideSolutionNode = FALSE
	EndGlobalSection
	GlobalSection(ExtensibilityGlobals) = postSolution
		SolutionGuid = {09055F33-6023-44E2-AEF8-AC83B9A99771}
	EndGlobalSection
EndGlobal
